{
  "name": "liquidation",
  "version": "1.0.0",
  "lockfileVersion": 3,
  "requires": true,
  "packages": {
    "": {
      "name": "liquidation",
      "version": "1.0.0",
      "license": "ISC",
      "dependencies": {
        "@aave/core-v3": "^1.19.3",
        "@bgd-labs/aave-address-book": "^4.44.22",
        "@openzeppelin/contracts": "^5.6.1",
        "@uniswap/v3-core": "^1.0.1",
        "@uniswap/v3-periphery": "^1.4.4"
      },
      "devDependencies": {
        "@types/node": "^26.0.1",
        "dotenv": "^17.4.2",
        "ethers": "^6.17.0",
        "ts-node": "^10.9.2",
        "typescript": "^6.0.3"
      }
    },
    "node_modules/@aave/core-v3": {
      "version": "1.19.3",
      "resolved": "https://registry.npmmirror.com/@aave/core-v3/-/core-v3-1.19.3.tgz",
      "integrity": "sha512-Xr7+VcoU5b4mPwM4IUCnskw3lciwrnL4Xloyad8GOddYeixnri2lZYobNmErm1LwE50vqjI0O+9QGNKY2TDkeQ==",
      "license": "BUSL-1.1",
      "engines": {
        "node": ">=16.0.0"
      }
    },
    "node_modules/@adraffy/ens-normalize": {
      "version": "1.11.1",
      "resolved": "https://registry.npmmirror.com/@adraffy/ens-normalize/-/ens-normalize-1.11.1.tgz",
      "integrity": "sha512-nhCBV3quEgesuf7c7KYfperqSS14T8bYuvJ8PcLJp6znkZpFc0AuW4qBtr8eKVyPPe/8RSr7sglCWPU5eaxwKQ==",
      "license": "MIT"
    },
    "node_modules/@bgd-labs/aave-address-book": {
      "version": "4.44.22",
      "resolved": "https://registry.npmmirror.com/@bgd-labs/aave-address-book/-/aave-address-book-4.44.22.tgz",
      "integrity": "sha512-25dt74TdSJxpCu++QbfRcsSlXZJ2HnktkzekVa0n97X/wNDmJx49GxzZLQI3wIAvSsY/iNRGwBMsHq/LTc1qUg==",
      "license": "MIT",
      "workspaces": [
        "ui"
      ],
      "peerDependencies": {
        "viem": "^2.23.5"
      }
    },
    "node_modules/@cspotcode/source-map-support": {
      "version": "0.8.1",
      "resolved": "https://registry.npmmirror.com/@cspotcode/source-map-support/-/source-map-support-0.8.1.tgz",
      "integrity": "sha512-IchNf6dN4tHoMFIn/7OE8LWZ19Y6q/67Bmf6vnGREv8RSbBVb9LPJxEcnwrcwX6ixSvaiGoomAUvu4YSxXrVgw==",
      "dev": true,
      "license": "MIT",
      "dependencies": {
        "@jridgewell/trace-mapping": "0.3.9"
      },
      "engines": {
        "node": ">=12"
      }
    },
    "node_modules/@jridgewell/resolve-uri": {
      "version": "3.1.2",
      "resolved": "https://registry.npmmirror.com/@jridgewell/resolve-uri/-/resolve-uri-3.1.2.tgz",
      "integrity": "sha512-bRISgCIjP20/tbWSPWMEi54QVPRZExkuD9lJL+UIxUKtwVJA8wW1Trb1jMs1RFXo1CBTNZ/5hpC9QvmKWdopKw==",
      "dev": true,
      "license": "MIT",
      "engines": {
        "node": ">=6.0.0"
      }
    },
    "node_modules/@jridgewell/sourcemap-codec": {
      "version": "1.5.5",
      "resolved": "https://registry.npmmirror.com/@jridgewell/sourcemap-codec/-/sourcemap-codec-1.5.5.tgz",
      "integrity": "sha512-cYQ9310grqxueWbl+WuIUIaiUaDcj7WOq5fVhEljNVgRfOUhY9fy2zTvfoqWsnebh8Sl70VScFbICvJnLKB0Og==",
      "dev": true,
      "license": "MIT"
    },
    "node_modules/@jridgewell/trace-mapping": {
      "version": "0.3.9",
      "resolved": "https://registry.npmmirror.com/@jridgewell/trace-mapping/-/trace-mapping-0.3.9.tgz",
      "integrity": "sha512-3Belt6tdc8bPgAtbcmdtNJlirVoTmEb5e2gC94PnkwEW9jI6CAHUeoG85tjWP5WquqfavoMtMwiG4P926ZKKuQ==",
      "dev": true,
      "license": "MIT",
      "dependencies": {
        "@jridgewell/resolve-uri": "^3.0.3",
        "@jridgewell/sourcemap-codec": "^1.4.10"
      }
    },
    "node_modules/@noble/ciphers": {
      "version": "1.3.0",
      "resolved": "https://registry.npmmirror.com/@noble/ciphers/-/ciphers-1.3.0.tgz",
      "integrity": "sha512-2I0gnIVPtfnMw9ee9h1dJG7tp81+8Ob3OJb3Mv37rx5L40/b0i7djjCVvGOVqc9AEIQyvyu1i6ypKdFw8R8gQw==",
      "license": "MIT",
      "peer": true,
      "engines": {
        "node": "^14.21.3 || >=16"
      },
      "funding": {
        "url": "https://paulmillr.com/funding/"
      }
    },
    "node_modules/@noble/curves": {
      "version": "1.2.0",
      "resolved": "https://registry.npmmirror.com/@noble/curves/-/curves-1.2.0.tgz",
      "integrity": "sha512-oYclrNgRaM9SsBUBVbb8M6DTV7ZHRTKugureoYEncY5c65HOmRzvSiTE3y5CYaPYJA/GVkrhXEoF0M3Ya9PMnw==",
      "dev": true,
      "license": "MIT",
      "dependencies": {
        "@noble/hashes": "1.3.2"
      },
      "funding": {
        "url": "https://paulmillr.com/funding/"
      }
    },
    "node_modules/@noble/hashes": {
      "version": "1.3.2",
      "resolved": "https://registry.npmmirror.com/@noble/hashes/-/hashes-1.3.2.tgz",
      "integrity": "sha512-MVC8EAQp7MvEcm30KWENFjgR+Mkmf+D189XJTkFIlwohU5hcBbn1ZkKq7KVTi2Hme3PMGF390DaL52beVrIihQ==",
      "dev": true,
      "license": "MIT",
      "engines": {
        "node": ">= 16"
      },
      "funding": {
        "url": "https://paulmillr.com/funding/"
      }
    },
    "node_modules/@openzeppelin/contracts": {
      "version": "5.6.1",
      "resolved": "https://registry.npmmirror.com/@openzeppelin/contracts/-/contracts-5.6.1.tgz",
      "integrity": "sha512-Ly6SlsVJ3mj+b18W3R8gNufB7dTICT105fJhodGAGgyC2oqnBAhqSiNDJ8V8DLY05cCz81GLI0CU5vNYA1EC/w==",
      "license": "MIT"
    },
    "node_modules/@scure/base": {
      "version": "1.2.6",
      "resolved": "https://registry.npmmirror.com/@scure/base/-/base-1.2.6.tgz",
      "integrity": "sha512-g/nm5FgUa//MCj1gV09zTJTaM6KBAHqLN907YVQqf7zC49+DcO4B1so4ZX07Ef10Twr6nuqYEH9GEggFXA4Fmg==",
      "license": "MIT",
      "peer": true,
      "funding": {
        "url": "https://paulmillr.com/funding/"
      }
    },
    "node_modules/@scure/bip32": {
      "version": "1.7.0",
      "resolved": "https://registry.npmmirror.com/@scure/bip32/-/bip32-1.7.0.tgz",
      "integrity": "sha512-E4FFX/N3f4B80AKWp5dP6ow+flD1LQZo/w8UnLGYZO674jS6YnYeepycOOksv+vLPSpgN35wgKgy+ybfTb2SMw==",
      "license": "MIT",
      "peer": true,
      "dependencies": {
        "@noble/curves": "~1.9.0",
        "@noble/hashes": "~1.8.0",
        "@scure/base": "~1.2.5"
      },
      "funding": {
        "url": "https://paulmillr.com/funding/"
      }
    },
    "node_modules/@scure/bip32/node_modules/@noble/curves": {
      "version": "1.9.7",
      "resolved": "https://registry.npmmirror.com/@noble/curves/-/curves-1.9.7.tgz",
      "integrity": "sha512-gbKGcRUYIjA3/zCCNaWDciTMFI0dCkvou3TL8Zmy5Nc7sJ47a0jtOeZoTaMxkuqRo9cRhjOdZJXegxYE5FN/xw==",
      "license": "MIT",
      "peer": true,
      "dependencies": {
        "@noble/hashes": "1.8.0"
      },
      "engines": {
        "node": "^14.21.3 || >=16"
      },
      "funding": {
        "url": "https://paulmillr.com/funding/"
      }
    },
    "node_modules/@scure/bip32/node_modules/@noble/hashes": {
      "version": "1.8.0",
      "resolved": "https://registry.npmmirror.com/@noble/hashes/-/hashes-1.8.0.tgz",
      "integrity": "sha512-jCs9ldd7NwzpgXDIf6P3+NrHh9/sD6CQdxHyjQI+h/6rDNo88ypBxxz45UDuZHz9r3tNz7N/VInSVoVdtXEI4A==",
      "license": "MIT",
      "peer": true,
      "engines": {
        "node": "^14.21.3 || >=16"
      },
      "funding": {
        "url": "https://paulmillr.com/funding/"
      }
    },
    "node_modules/@scure/bip39": {
      "version": "1.6.0",
      "resolved": "https://registry.npmmirror.com/@scure/bip39/-/bip39-1.6.0.tgz",
      "integrity": "sha512-+lF0BbLiJNwVlev4eKelw1WWLaiKXw7sSl8T6FvBlWkdX+94aGJ4o8XjUdlyhTCjd8c+B3KT3JfS8P0bLRNU6A==",
      "license": "MIT",
      "peer": true,
      "dependencies": {
        "@noble/hashes": "~1.8.0",
        "@scure/base": "~1.2.5"
      },
      "funding": {
        "url": "https://paulmillr.com/funding/"
      }
    },
    "node_modules/@scure/bip39/node_modules/@noble/hashes": {
      "version": "1.8.0",
      "resolved": "https://registry.npmmirror.com/@noble/hashes/-/hashes-1.8.0.tgz",
      "integrity": "sha512-jCs9ldd7NwzpgXDIf6P3+NrHh9/sD6CQdxHyjQI+h/6rDNo88ypBxxz45UDuZHz9r3tNz7N/VInSVoVdtXEI4A==",
      "license": "MIT",
      "peer": true,
      "engines": {
        "node": "^14.21.3 || >=16"
      },
      "funding": {
        "url": "https://paulmillr.com/funding/"
      }
    },
    "node_modules/@tsconfig/node10": {
      "version": "1.0.12",
      "resolved": "https://registry.npmmirror.com/@tsconfig/node10/-/node10-1.0.12.tgz",
      "integrity": "sha512-UCYBaeFvM11aU2y3YPZ//O5Rhj+xKyzy7mvcIoAjASbigy8mHMryP5cK7dgjlz2hWxh1g5pLw084E0a/wlUSFQ==",
      "dev": true,
      "license": "MIT"
    },
    "node_modules/@tsconfig/node12": {
      "version": "1.0.11",
      "resolved": "https://registry.npmmirror.com/@tsconfig/node12/-/node12-1.0.11.tgz",
      "integrity": "sha512-cqefuRsh12pWyGsIoBKJA9luFu3mRxCA+ORZvA4ktLSzIuCUtWVxGIuXigEwO5/ywWFMZ2QEGKWvkZG1zDMTag==",
      "dev": true,
      "license": "MIT"
    },
    "node_modules/@tsconfig/node14": {
      "version": "1.0.3",
      "resolved": "https://registry.npmmirror.com/@tsconfig/node14/-/node14-1.0.3.tgz",
      "integrity": "sha512-ysT8mhdixWK6Hw3i1V2AeRqZ5WfXg1G43mqoYlM2nc6388Fq5jcXyr5mRsqViLx/GJYdoL0bfXD8nmF+Zn/Iow==",
      "dev": true,
      "license": "MIT"
    },
    "node_modules/@tsconfig/node16": {
      "version": "1.0.4",
      "resolved": "https://registry.npmmirror.com/@tsconfig/node16/-/node16-1.0.4.tgz",
      "integrity": "sha512-vxhUy4J8lyeyinH7Azl1pdd43GJhZH/tP2weN8TntQblOY+A0XbT8DJk1/oCPuOOyg/Ja757rG0CgHcWC8OfMA==",
      "dev": true,
      "license": "MIT"
    },
    "node_modules/@types/node": {
      "version": "26.0.1",
      "resolved": "https://registry.npmmirror.com/@types/node/-/node-26.0.1.tgz",
      "integrity": "sha512-fc3KiUoBt6kie0N9bIW3E47vZsuaMf0PM2AaUpLCLT0s/LvX1nxAim6Fc049cNxODPpGm6qRAuUOB86SkRuPQw==",
      "dev": true,
      "license": "MIT",
      "dependencies": {
        "undici-types": "~8.3.0"
      }
    },
    "node_modules/@uniswap/lib": {
      "version": "4.0.1-alpha",
      "resolved": "https://registry.npmmirror.com/@uniswap/lib/-/lib-4.0.1-alpha.tgz",
      "integrity": "sha512-f6UIliwBbRsgVLxIaBANF6w09tYqc6Y/qXdsrbEmXHyFA7ILiKrIwRFXe1yOg8M3cksgVsO9N7yuL2DdCGQKBA==",
      "license": "GPL-3.0-or-later",
      "engines": {
        "node": ">=10"
      }
    },
    "node_modules/@uniswap/v2-core": {
      "version": "1.0.1",
      "resolved": "https://registry.npmmirror.com/@uniswap/v2-core/-/v2-core-1.0.1.tgz",
      "integrity": "sha512-MtybtkUPSyysqLY2U210NBDeCHX+ltHt3oADGdjqoThZaFRDKwM6k1Nb3F0A3hk5hwuQvytFWhrWHOEq6nVJ8Q==",
      "license": "GPL-3.0-or-later",
      "engines": {
        "node": ">=10"
      }
    },
    "node_modules/@uniswap/v3-core": {
      "version": "1.0.1",
      "resolved": "https://registry.npmmirror.com/@uniswap/v3-core/-/v3-core-1.0.1.tgz",
      "integrity": "sha512-7pVk4hEm00j9tc71Y9+ssYpO6ytkeI0y7WE9P6UcmNzhxPePwyAxImuhVsTqWK9YFvzgtvzJHi64pBl4jUzKMQ==",
      "license": "BUSL-1.1",
      "engines": {
        "node": ">=10"
      }
    },
    "node_modules/@uniswap/v3-periphery": {
      "version": "1.4.4",
      "resolved": "https://registry.npmmirror.com/@uniswap/v3-periphery/-/v3-periphery-1.4.4.tgz",
      "integrity": "sha512-S4+m+wh8HbWSO3DKk4LwUCPZJTpCugIsHrWR86m/OrUyvSqGDTXKFfc2sMuGXCZrD1ZqO3rhQsKgdWg3Hbb2Kw==",
      "license": "GPL-2.0-or-later",
      "dependencies": {
        "@openzeppelin/contracts": "3.4.2-solc-0.7",
        "@uniswap/lib": "^4.0.1-alpha",
        "@uniswap/v2-core": "^1.0.1",
        "@uniswap/v3-core": "^1.0.0",
        "base64-sol": "1.0.1"
      },
      "engines": {
        "node": ">=10"
      }
    },
    "node_modules/@uniswap/v3-periphery/node_modules/@openzeppelin/contracts": {
      "version": "3.4.2-solc-0.7",
      "resolved": "https://registry.npmmirror.com/@openzeppelin/contracts/-/contracts-3.4.2-solc-0.7.tgz",
      "integrity": "sha512-W6QmqgkADuFcTLzHL8vVoNBtkwjvQRpYIAom7KiUNoLKghyx3FgH0GBjt8NRvigV1ZmMOBllvE1By1C+bi8WpA==",
      "license": "MIT"
    },
    "node_modules/abitype": {
      "version": "1.2.3",
      "resolved": "https://registry.npmmirror.com/abitype/-/abitype-1.2.3.tgz",
      "integrity": "sha512-Ofer5QUnuUdTFsBRwARMoWKOH1ND5ehwYhJ3OJ/BQO+StkwQjHw0XyVh4vDttzHB7QOFhPHa/o413PJ82gU/Tg==",
      "license": "MIT",
      "peer": true,
      "funding": {
        "url": "https://github.com/sponsors/wevm"
      },
      "peerDependencies": {
        "typescript": ">=5.0.4",
        "zod": "^3.22.0 || ^4.0.0"
      },
      "peerDependenciesMeta": {
        "typescript": {
          "optional": true
        },
        "zod": {
          "optional": true
        }
      }
    },
    "node_modules/acorn": {
      "version": "8.17.0",
      "resolved": "https://registry.npmmirror.com/acorn/-/acorn-8.17.0.tgz",
      "integrity": "sha512-xRQbDb9BnwDafYNn6Vwl839DYVjqXYb1XVGtWAZ1kcDc6iwAL4hg3B1dZlRiuENFeO2H53gFG3in621AdERVAg==",
      "dev": true,
      "license": "MIT",
      "bin": {
        "acorn": "bin/acorn"
      },
      "engines": {
        "node": ">=0.4.0"
      }
    },
    "node_modules/acorn-walk": {
      "version": "8.3.5",
      "resolved": "https://registry.npmmirror.com/acorn-walk/-/acorn-walk-8.3.5.tgz",
      "integrity": "sha512-HEHNfbars9v4pgpW6SO1KSPkfoS0xVOM/9UzkJltjlsHZmJasxg8aXkuZa7SMf8vKGIBhpUsPluQSqhJFCqebw==",
      "dev": true,
      "license": "MIT",
      "dependencies": {
        "acorn": "^8.11.0"
      },
      "engines": {
        "node": ">=0.4.0"
      }
    },
    "node_modules/aes-js": {
      "version": "4.0.0-beta.5",
      "resolved": "https://registry.npmmirror.com/aes-js/-/aes-js-4.0.0-beta.5.tgz",
      "integrity": "sha512-G965FqalsNyrPqgEGON7nIx1e/OVENSgiEIzyC63haUMuvNnwIgIjMs52hlTCKhkBny7A2ORNlfY9Zu+jmGk1Q==",
      "dev": true,
      "license": "MIT"
    },
    "node_modules/arg": {
      "version": "4.1.3",
      "resolved": "https://registry.npmmirror.com/arg/-/arg-4.1.3.tgz",
      "integrity": "sha512-58S9QDqG0Xx27YwPSt9fJxivjYl432YCwfDMfZ+71RAqUrZef7LrKQZ3LHLOwCS4FLNBplP533Zx895SeOCHvA==",
      "dev": true,
      "license": "MIT"
    },
    "node_modules/base64-sol": {
      "version": "1.0.1",
      "resolved": "https://registry.npmmirror.com/base64-sol/-/base64-sol-1.0.1.tgz",
      "integrity": "sha512-ld3cCNMeXt4uJXmLZBHFGMvVpK9KsLVEhPpFRXnvSVAqABKbuNZg/+dsq3NuM+wxFLb/UrVkz7m1ciWmkMfTbg==",
      "license": "MIT"
    },
    "node_modules/create-require": {
      "version": "1.1.1",
      "resolved": "https://registry.npmmirror.com/create-require/-/create-require-1.1.1.tgz",
      "integrity": "sha512-dcKFX3jn0MpIaXjisoRvexIJVEKzaq7z2rZKxf+MSr9TkdmHmsU4m2lcLojrj/FHl8mk5VxMmYA+ftRkP/3oKQ==",
      "dev": true,
      "license": "MIT"
    },
    "node_modules/diff": {
      "version": "4.0.4",
      "resolved": "https://registry.npmmirror.com/diff/-/diff-4.0.4.tgz",
      "integrity": "sha512-X07nttJQkwkfKfvTPG/KSnE2OMdcUCao6+eXF3wmnIQRn2aPAHH3VxDbDOdegkd6JbPsXqShpvEOHfAT+nCNwQ==",
      "dev": true,
      "license": "BSD-3-Clause",
      "engines": {
        "node": ">=0.3.1"
      }
    },
    "node_modules/dotenv": {
      "version": "17.4.2",
      "resolved": "https://registry.npmmirror.com/dotenv/-/dotenv-17.4.2.tgz",
      "integrity": "sha512-nI4U3TottKAcAD9LLud4Cb7b2QztQMUEfHbvhTH09bqXTxnSie8WnjPALV/WMCrJZ6UV/qHJ6L03OqO3LcdYZw==",
      "dev": true,
      "license": "BSD-2-Clause",
      "engines": {
        "node": ">=12"
      },
      "funding": {
        "url": "https://dotenvx.com"
      }
    },
    "node_modules/ethers": {
      "version": "6.17.0",
      "resolved": "https://registry.npmmirror.com/ethers/-/ethers-6.17.0.tgz",
      "integrity": "sha512-BpyrpIPJ3ydEVow8zGaz1DuPS7YU8DcWxuBnY9a0UA/lvAPwrMr+EPXsfrul628SRaekPNeIM4UFh/91GWZang==",
      "dev": true,
      "funding": [
        {
          "type": "individual",
          "url": "https://github.com/sponsors/ethers-io/"
        },
        {
          "type": "individual",
          "url": "https://www.buymeacoffee.com/ricmoo"
        }
      ],
      "license": "MIT",
      "dependencies": {
        "@adraffy/ens-normalize": "1.11.1",
        "@noble/curves": "1.2.0",
        "@noble/hashes": "1.3.2",
        "@types/node": "22.7.5",
        "aes-js": "4.0.0-beta.5",
        "tslib": "2.7.0",
        "ws": "8.21.0"
      },
      "engines": {
        "node": ">=14.0.0"
      }
    },
    "node_modules/ethers/node_modules/@types/node": {
      "version": "22.7.5",
      "resolved": "https://registry.npmmirror.com/@types/node/-/node-22.7.5.tgz",
      "integrity": "sha512-jML7s2NAzMWc//QSJ1a3prpk78cOPchGvXJsC3C6R6PSMoooztvRVQEz89gmBTBY1SPMaqo5teB4uNHPdetShQ==",
      "dev": true,
      "license": "MIT",
      "dependencies": {
        "undici-types": "~6.19.2"
      }
    },
    "node_modules/ethers/node_modules/undici-types": {
      "version": "6.19.8",
      "resolved": "https://registry.npmmirror.com/undici-types/-/undici-types-6.19.8.tgz",
      "integrity": "sha512-ve2KP6f/JnbPBFyobGHuerC9g1FYGn/F8n1LWTwNxCEzd6IfqTwUQcNXgEtmmQ6DlRrC1hrSrBnCZPokRrDHjw==",
      "dev": true,
      "license": "MIT"
    },
    "node_modules/eventemitter3": {
      "version": "5.0.1",
      "resolved": "https://registry.npmmirror.com/eventemitter3/-/eventemitter3-5.0.1.tgz",
      "integrity": "sha512-GWkBvjiSZK87ELrYOSESUYeVIc9mvLLf/nXalMOS5dYrgZq9o5OVkbZAVM06CVxYsCwH9BDZFPlQTlPA1j4ahA==",
      "license": "MIT",
      "peer": true
    },
    "node_modules/isows": {
      "version": "1.0.7",
      "resolved": "https://registry.npmmirror.com/isows/-/isows-1.0.7.tgz",
      "integrity": "sha512-I1fSfDCZL5P0v33sVqeTDSpcstAg/N+wF5HS033mogOVIp4B+oHC7oOCsA3axAbBSGTJ8QubbNmnIRN/h8U7hg==",
      "funding": [
        {
          "type": "github",
          "url": "https://github.com/sponsors/wevm"
        }
      ],
      "license": "MIT",
      "peer": true,
      "peerDependencies": {
        "ws": "*"
      }
    },
    "node_modules/make-error": {
      "version": "1.3.6",
      "resolved": "https://registry.npmmirror.com/make-error/-/make-error-1.3.6.tgz",
      "integrity": "sha512-s8UhlNe7vPKomQhC1qFelMokr/Sc3AgNbso3n74mVPA5LTZwkB9NlXf4XPamLxJE8h0gh73rM94xvwRT2CVInw==",
      "dev": true,
      "license": "ISC"
    },
    "node_modules/ox": {
      "version": "0.14.29",
      "resolved": "https://registry.npmmirror.com/ox/-/ox-0.14.29.tgz",
      "integrity": "sha512-M5j87Ec4V99MQdRct/g09eWXW60g6zhHTUs1lr4deUtrPDnezBdCJTgKd7pxqTpSZBFveV0ALi9jMMuT1qKyNg==",
      "funding": [
        {
          "type": "github",
          "url": "https://github.com/sponsors/wevm"
        }
      ],
      "license": "MIT",
      "peer": true,
      "dependencies": {
        "@adraffy/ens-normalize": "^1.11.0",
        "@noble/ciphers": "^1.3.0",
        "@noble/curves": "1.9.1",
        "@noble/hashes": "^1.8.0",
        "@scure/bip32": "^1.7.0",
        "@scure/bip39": "^1.6.0",
        "abitype": "^1.2.3",
        "eventemitter3": "5.0.1"
      },
      "peerDependencies": {
        "typescript": ">=5.4.0"
      },
      "peerDependenciesMeta": {
        "typescript": {
          "optional": true
        }
      }
    },
    "node_modules/ox/node_modules/@noble/curves": {
      "version": "1.9.1",
      "resolved": "https://registry.npmmirror.com/@noble/curves/-/curves-1.9.1.tgz",
      "integrity": "sha512-k11yZxZg+t+gWvBbIswW0yoJlu8cHOC7dhunwOzoWH/mXGBiYyR4YY6hAEK/3EUs4UpB8la1RfdRpeGsFHkWsA==",
      "license": "MIT",
      "peer": true,
      "dependencies": {
        "@noble/hashes": "1.8.0"
      },
      "engines": {
        "node": "^14.21.3 || >=16"
      },
      "funding": {
        "url": "https://paulmillr.com/funding/"
      }
    },
    "node_modules/ox/node_modules/@noble/hashes": {
      "version": "1.8.0",
      "resolved": "https://registry.npmmirror.com/@noble/hashes/-/hashes-1.8.0.tgz",
      "integrity": "sha512-jCs9ldd7NwzpgXDIf6P3+NrHh9/sD6CQdxHyjQI+h/6rDNo88ypBxxz45UDuZHz9r3tNz7N/VInSVoVdtXEI4A==",
      "license": "MIT",
      "peer": true,
      "engines": {
        "node": "^14.21.3 || >=16"
      },
      "funding": {
        "url": "https://paulmillr.com/funding/"
      }
    },
    "node_modules/ts-node": {
      "version": "10.9.2",
      "resolved": "https://registry.npmmirror.com/ts-node/-/ts-node-10.9.2.tgz",
      "integrity": "sha512-f0FFpIdcHgn8zcPSbf1dRevwt047YMnaiJM3u2w2RewrB+fob/zePZcrOyQoLMMO7aBIddLcQIEK5dYjkLnGrQ==",
      "dev": true,
      "license": "MIT",
      "dependencies": {
        "@cspotcode/source-map-support": "^0.8.0",
        "@tsconfig/node10": "^1.0.7",
        "@tsconfig/node12": "^1.0.7",
        "@tsconfig/node14": "^1.0.0",
        "@tsconfig/node16": "^1.0.2",
        "acorn": "^8.4.1",
        "acorn-walk": "^8.1.1",
        "arg": "^4.1.0",
        "create-require": "^1.1.0",
        "diff": "^4.0.1",
        "make-error": "^1.1.1",
        "v8-compile-cache-lib": "^3.0.1",
        "yn": "3.1.1"
      },
      "bin": {
        "ts-node": "dist/bin.js",
        "ts-node-cwd": "dist/bin-cwd.js",
        "ts-node-esm": "dist/bin-esm.js",
        "ts-node-script": "dist/bin-script.js",
        "ts-node-transpile-only": "dist/bin-transpile.js",
        "ts-script": "dist/bin-script-deprecated.js"
      },
      "peerDependencies": {
        "@swc/core": ">=1.2.50",
        "@swc/wasm": ">=1.2.50",
        "@types/node": "*",
        "typescript": ">=2.7"
      },
      "peerDependenciesMeta": {
        "@swc/core": {
          "optional": true
        },
        "@swc/wasm": {
          "optional": true
        }
      }
    },
    "node_modules/tslib": {
      "version": "2.7.0",
      "resolved": "https://registry.npmmirror.com/tslib/-/tslib-2.7.0.tgz",
      "integrity": "sha512-gLXCKdN1/j47AiHiOkJN69hJmcbGTHI0ImLmbYLHykhgeN0jVGola9yVjFgzCUklsZQMW55o+dW7IXv3RCXDzA==",
      "dev": true,
      "license": "0BSD"
    },
    "node_modules/typescript": {
      "version": "6.0.3",
      "resolved": "https://registry.npmmirror.com/typescript/-/typescript-6.0.3.tgz",
      "integrity": "sha512-y2TvuxSZPDyQakkFRPZHKFm+KKVqIisdg9/CZwm9ftvKXLP8NRWj38/ODjNbr43SsoXqNuAisEf1GdCxqWcdBw==",
      "devOptional": true,
      "license": "Apache-2.0",
      "bin": {
        "tsc": "bin/tsc",
        "tsserver": "bin/tsserver"
      },
      "engines": {
        "node": ">=14.17"
      }
    },
    "node_modules/undici-types": {
      "version": "8.3.0",
      "resolved": "https://registry.npmmirror.com/undici-types/-/undici-types-8.3.0.tgz",
      "integrity": "sha512-j375ScV60dom+YkPFIfTLcOiPxkN/buHz5GobjLhixFuANaNs3C9l4GmrWqejgXWJ7BbJcFYpTEUkS1Ge8bpZQ==",
      "dev": true,
      "license": "MIT"
    },
    "node_modules/v8-compile-cache-lib": {
      "version": "3.0.1",
      "resolved": "https://registry.npmmirror.com/v8-compile-cache-lib/-/v8-compile-cache-lib-3.0.1.tgz",
      "integrity": "sha512-wa7YjyUGfNZngI/vtK0UHAN+lgDCxBPCylVXGp0zu59Fz5aiGtNXaq3DhIov063MorB+VfufLh3JlF2KdTK3xg==",
      "dev": true,
      "license": "MIT"
    },
    "node_modules/viem": {
      "version": "2.54.0",
      "resolved": "https://registry.npmmirror.com/viem/-/viem-2.54.0.tgz",
      "integrity": "sha512-DW6KW3m89+3MLozFNPuI9Nhz2hJw375hUo1bpbo3qXipBvjdjF26B/d3U5adVyLGKOfqK4XeA1wPDWQTFQ/ltA==",
      "funding": [
        {
          "type": "github",
          "url": "https://github.com/sponsors/wevm"
        }
      ],
      "license": "MIT",
      "peer": true,
      "dependencies": {
        "@noble/curves": "1.9.1",
        "@noble/hashes": "1.8.0",
        "@scure/bip32": "1.7.0",
        "@scure/bip39": "1.6.0",
        "abitype": "1.2.3",
        "isows": "1.0.7",
        "ox": "0.14.29",
        "ws": "8.20.1"
      },
      "peerDependencies": {
        "typescript": ">=5.0.4"
      },
      "peerDependenciesMeta": {
        "typescript": {
          "optional": true
        }
      }
    },
    "node_modules/viem/node_modules/@noble/curves": {
      "version": "1.9.1",
      "resolved": "https://registry.npmmirror.com/@noble/curves/-/curves-1.9.1.tgz",
      "integrity": "sha512-k11yZxZg+t+gWvBbIswW0yoJlu8cHOC7dhunwOzoWH/mXGBiYyR4YY6hAEK/3EUs4UpB8la1RfdRpeGsFHkWsA==",
      "license": "MIT",
      "peer": true,
      "dependencies": {
        "@noble/hashes": "1.8.0"
      },
      "engines": {
        "node": "^14.21.3 || >=16"
      },
      "funding": {
        "url": "https://paulmillr.com/funding/"
      }
    },
    "node_modules/viem/node_modules/@noble/hashes": {
      "version": "1.8.0",
      "resolved": "https://registry.npmmirror.com/@noble/hashes/-/hashes-1.8.0.tgz",
      "integrity": "sha512-jCs9ldd7NwzpgXDIf6P3+NrHh9/sD6CQdxHyjQI+h/6rDNo88ypBxxz45UDuZHz9r3tNz7N/VInSVoVdtXEI4A==",
      "license": "MIT",
      "peer": true,
      "engines": {
        "node": "^14.21.3 || >=16"
      },
      "funding": {
        "url": "https://paulmillr.com/funding/"
      }
    },
    "node_modules/viem/node_modules/ws": {
      "version": "8.20.1",
      "resolved": "https://registry.npmmirror.com/ws/-/ws-8.20.1.tgz",
      "integrity": "sha512-It4dO0K5v//JtTXuPkfEOaI3uUN87iYPnqo/ZzqCoG3g8uhA66QUMs/SrM0YK7/NAu+r4LMh/9dq2A7k+rHs+w==",
      "license": "MIT",
      "peer": true,
      "engines": {
        "node": ">=10.0.0"
      },
      "peerDependencies": {
        "bufferutil": "^4.0.1",
        "utf-8-validate": ">=5.0.2"
      },
      "peerDependenciesMeta": {
        "bufferutil": {
          "optional": true
        },
        "utf-8-validate": {
          "optional": true
        }
      }
    },
    "node_modules/ws": {
      "version": "8.21.0",
      "resolved": "https://registry.npmmirror.com/ws/-/ws-8.21.0.tgz",
      "integrity": "sha512-Vsp28b7DRcimFQvrqu2Wek3z1iYxDCWqHYB8Qsnk/S4RfaCQzPGPyBNuVjJV3cd6UiKtUtp6sNM77gWvzcCH+g==",
      "license": "MIT",
      "engines": {
        "node": ">=10.0.0"
      },
      "peerDependencies": {
        "bufferutil": "^4.0.1",
        "utf-8-validate": ">=5.0.2"
      },
      "peerDependenciesMeta": {
        "bufferutil": {
          "optional": true
        },
        "utf-8-validate": {
          "optional": true
        }
      }
    },
    "node_modules/yn": {
      "version": "3.1.1",
      "resolved": "https://registry.npmmirror.com/yn/-/yn-3.1.1.tgz",
      "integrity": "sha512-Ux4ygGWsu2c7isFWe8Yu1YluJmqVhxqK2cLXNQA5AcC3QfbGNpM7fu0Y8b/z16pXLnFxZYvWhd3fhBY9DLmC6Q==",
      "dev": true,
      "license": "MIT",
      "engines": {
        "node": ">=6"
      }
    }
  }
}
